
Microsoft Visual Studio Solution File, Format Version 12.00
# Visual Studio Version 17
VisualStudioVersion = 17.5.002.0
MinimumVisualStudioVersion = 10.0.40219.1
Project("{9A19103F-16F7-4668-BE54-9A1E7A4F7556}") = "SuperAutoMachines", "SuperAutoMachines.csproj", "{04E3F297-2E95-4D8B-8088-1A894DA1A455}"
EndProject
Global
	GlobalSection(SolutionConfigurationPlatforms) = preSolution
		Debug|Any CPU = Debug|Any CPU
		Release|Any CPU = Release|Any CPU
	EndGlobalSection
	GlobalSection(ProjectConfigurationPlatforms) = postSolution
		{04E3F297-2E95-4D8B-8088-1A894DA1A455}.Debug|Any CPU.ActiveCfg = Debug|Any CPU
		{04E3F297-2E95-4D8B-8088-1A894DA1A455}.Debug|Any CPU.Build.0 = Debug|Any CPU
		{04E3F297-2E95-4D8B-8088-1A894DA1A455}.Release|Any CPU.ActiveCfg = Release|Any CPU
		{04E3F297-2E95-4D8B-8088-1A894DA1A455}.Release|Any CPU.Build.0 = Release|Any CPU
	EndGlobalSection
	GlobalSection(SolutionProperties) = preSolution
		HideSolutionNode = FALSE
	EndGlobalSection
	GlobalSection(ExtensibilityGlobals) = postSolution
		SolutionGuid = {98287097-B426-4A91-B56E-0A1B93CCA781}
	EndGlobalSection
EndGlobal
